
Microsoft Visual Studio Solution File, Format Version 11.00
# Visual Studio 2010
Project("{8BC9CEB8-8B4A-11D0-8D11-00A0C91BC942}") = "PRIME1", "PRIME1\PRIME1.vcxproj", "{38DAB869-2323-4C8C-918B-0E2045C122BD}"
EndProject
Global
	GlobalSection(SolutionConfigurationPlatforms) = preSolution
		Debug|Win32 = Debug|Win32
		Release|Win32 = Release|Win32
	EndGlobalSection
	GlobalSection(ProjectConfigurationPlatforms) = postSolution
		{38DAB869-2323-4C8C-918B-0E2045C122BD}.Debug|Win32.ActiveCfg = Debug|Win32
		{38DAB869-2323-4C8C-918B-0E2045C122BD}.Debug|Win32.Build.0 = Debug|Win32
		{38DAB869-2323-4C8C-918B-0E2045C122BD}.Release|Win32.ActiveCfg = Release|Win32
		{38DAB869-2323-4C8C-918B-0E2045C122BD}.Release|Win32.Build.0 = Release|Win32
	EndGlobalSection
	GlobalSection(SolutionProperties) = preSolution
		HideSolutionNode = FALSE
	EndGlobalSection
EndGlobal
